
Microsoft Visual Studio Solution File, Format Version 12.00
# Visual Studio 15
Project("{FAE04EC0-301F-11D3-BF4B-00C04F79EFBC}") = "SearchEngine_Demo", "SearchEngine_Demo\SearchEngine_Demo.csproj", "{AECE1AD7-051C-439D-80B3-DB85877721F6}"
EndProject
Global
	GlobalSection(SolutionConfigurationPlatforms) = preSolution
		Debug|Any CPU = Debug|Any CPU
		Release|Any CPU = Release|Any CPU
	EndGlobalSection
	GlobalSection(ProjectConfigurationPlatforms) = postSolution
		{AECE1AD7-051C-439D-80B3-DB85877721F6}.Debug|Any CPU.ActiveCfg = Debug|Any CPU
		{AECE1AD7-051C-439D-80B3-DB85877721F6}.Debug|Any CPU.Build.0 = Debug|Any CPU
		{AECE1AD7-051C-439D-80B3-DB85877721F6}.Release|Any CPU.ActiveCfg = Release|Any CPU
		{AECE1AD7-051C-439D-80B3-DB85877721F6}.Release|Any CPU.Build.0 = Release|Any CPU
	EndGlobalSection
EndGlobal
